// !$*UTF8*$!
{
	archiveVersion = 1;
	classes = {
	};
	objectVersion = 46;
	objects = {

/* Begin PBXBuildFile section */
		857DCB621467223B003704DB /* UIKit.framework in Frameworks */ = {isa = PBXBuildFile; fileRef = 857DCB611467223B003704DB /* UIKit.framework */; };
		857DCB641467223B003704DB /* Foundation.framework in Frameworks */ = {isa = PBXBuildFile; fileRef = 857DCB631467223B003704DB /* Foundation.framework */; };
		857DCB661467223B003704DB /* CoreGraphics.framework in Frameworks */ = {isa = PBXBuildFile; fileRef = 857DCB651467223B003704DB /* CoreGraphics.framework */; };
		857DCB6C1467223B003704DB /* InfoPlist.strings in Resources */ = {isa = PBXBuildFile; fileRef = 857DCB6A1467223B003704DB /* InfoPlist.strings */; };
		857DCB6E1467223B003704DB /* main.m in Sources */ = {isa = PBXBuildFile; fileRef = 857DCB6D1467223B003704DB /* main.m */; };
		857DCB721467223B003704DB /* Swipe2_BBAppDelegate.m in Sources */ = {isa = PBXBuildFile; fileRef = 857DCB711467223B003704DB /* Swipe2_BBAppDelegate.m */; };
		857DCB7A1467223B003704DB /* SenTestingKit.framework in Frameworks */ = {isa = PBXBuildFile; fileRef = 857DCB791467223B003704DB /* SenTestingKit.framework */; };
		857DCB7B1467223B003704DB /* UIKit.framework in Frameworks */ = {isa = PBXBuildFile; fileRef = 857DCB611467223B003704DB /* UIKit.framework */; };
		857DCB7C1467223B003704DB /* Foundation.framework in Frameworks */ = {isa = PBXBuildFile; fileRef = 857DCB631467223B003704DB /* Foundation.framework */; };
		857DCB841467223B003704DB /* InfoPlist.strings in Resources */ = {isa = PBXBuildFile; fileRef = 857DCB821467223B003704DB /* InfoPlist.strings */; };
		857DCB871467223B003704DB /* Swipe2_BBTests.m in Sources */ = {isa = PBXBuildFile; fileRef = 857DCB861467223B003704DB /* Swipe2_BBTests.m */; };
/* End PBXBuildFile section */

/* Begin PBXContainerItemProxy section */
		857DCB7D1467223B003704DB /* PBXContainerItemProxy */ = {
			isa = PBXContainerItemProxy;
			containerPortal = 857DCB541467223B003704DB /* Project object */;
			proxyType = 1;
			remoteGlobalIDString = 857DCB5C1467223B003704DB;
			remoteInfo = Swipe2_BB;
		};
/* End PBXContainerItemProxy section */

/* Begin PBXFileReference section */
		857DCB5D1467223B003704DB /* Swipe2_BB.app */ = {isa = PBXFileReference; explicitFileType = wrapper.application; includeInIndex = 0; path = Swipe2_BB.app; sourceTree = BUILT_PRODUCTS_DIR; };
		857DCB611467223B003704DB /* UIKit.framework */ = {isa = PBXFileReference; lastKnownFileType = wrapper.framework; name = UIKit.framework; path = System/Library/Frameworks/UIKit.framework; sourceTree = SDKROOT; };
		857DCB631467223B003704DB /* Foundation.framework */ = {isa = PBXFileReference; lastKnownFileType = wrapper.framework; name = Foundation.framework; path = System/Library/Frameworks/Foundation.framework; sourceTree = SDKROOT; };
		857DCB651467223B003704DB /* CoreGraphics.framework */ = {isa = PBXFileReference; lastKnownFileType = wrapper.framework; name = CoreGraphics.framework; path = System/Library/Frameworks/CoreGraphics.framework; sourceTree = SDKROOT; };
		857DCB691467223B003704DB /* Swipe2_BB-Info.plist */ = {isa = PBXFileReference; path = "Swipe2_BB-Info.plist"; sourceTree = "<group>"; };
		857DCB6B1467223B003704DB /* en */ = {isa = PBXFileReference; lastKnownFileType = text.plist.strings; name = en; path = en.lproj/InfoPlist.strings; sourceTree = "<group>"; };
		857DCB6D1467223B003704DB /* main.m */ = {isa = PBXFileReference; lastKnownFileType = sourcecode.c.objc; path = main.m; sourceTree = "<group>"; };
		857DCB6F1467223B003704DB /* Swipe2_BB-Prefix.pch */ = {isa = PBXFileReference; path = "Swipe2_BB-Prefix.pch"; sourceTree = "<group>"; };
		857DCB701467223B003704DB /* Swipe2_BBAppDelegate.h */ = {isa = PBXFileReference; path = Swipe2_BBAppDelegate.h; sourceTree = "<group>"; };
		857DCB711467223B003704DB /* Swipe2_BBAppDelegate.m */ = {isa = PBXFileReference; lastKnownFileType = sourcecode.c.objc; path = Swipe2_BBAppDelegate.m; sourceTree = "<group>"; };
		857DCB781467223B003704DB /* Swipe2_BBTests.octest */ = {isa = PBXFileReference; explicitFileType = wrapper.cfbundle; includeInIndex = 0; path = Swipe2_BBTests.octest; sourceTree = BUILT_PRODUCTS_DIR; };
		857DCB791467223B003704DB /* SenTestingKit.framework */ = {isa = PBXFileReference; lastKnownFileType = wrapper.framework; name = SenTestingKit.framework; path = Library/Frameworks/SenTestingKit.framework; sourceTree = DEVELOPER_DIR; };
		857DCB811467223B003704DB /* Swipe2_BBTests-Info.plist */ = {isa = PBXFileReference; path = "Swipe2_BBTests-Info.plist"; sourceTree = "<group>"; };
		857DCB831467223B003704DB /* en */ = {isa = PBXFileReference; lastKnownFileType = text.plist.strings; name = en; path = en.lproj/InfoPlist.strings; sourceTree = "<group>"; };
		857DCB851467223B003704DB /* Swipe2_BBTests.h */ = {isa = PBXFileReference; path = Swipe2_BBTests.h; sourceTree = "<group>"; };
		857DCB861467223B003704DB /* Swipe2_BBTests.m */ = {isa = PBXFileReference; lastKnownFileType = sourcecode.c.objc; path = Swipe2_BBTests.m; sourceTree = "<group>"; };
/* End PBXFileReference section */

/* Begin PBXFrameworksBuildPhase section */
		857DCB5A1467223B003704DB /* Frameworks */ = {
			isa = PBXFrameworksBuildPhase;
			buildActionMask = 2147483647;
			files = (
				857DCB621467223B003704DB /* UIKit.framework in Frameworks */,
				857DCB641467223B003704DB /* Foundation.framework in Frameworks */,
				857DCB661467223B003704DB /* CoreGraphics.framework in Frameworks */,
			);
			runOnlyForDeploymentPostprocessing = 0;
		};
		857DCB741467223B003704DB /* Frameworks */ = {
			isa = PBXFrameworksBuildPhase;
			buildActionMask = 2147483647;
			files = (
				857DCB7A1467223B003704DB /* SenTestingKit.framework in Frameworks */,
				857DCB7B1467223B003704DB /* UIKit.framework in Frameworks */,
				857DCB7C1467223B003704DB /* Foundation.framework in Frameworks */,
			);
			runOnlyForDeploymentPostprocessing = 0;
		};
/* End PBXFrameworksBuildPhase section */

/* Begin PBXGroup section */
		857DCB521467223B003704DB = {
			isa = PBXGroup;
			children = (
				857DCB671467223B003704DB /* Swipe2_BB */,
				857DCB7F1467223B003704DB /* Swipe2_BBTests */,
				857DCB601467223B003704DB /* Frameworks */,
				857DCB5E1467223B003704DB /* Products */,
			);
			sourceTree = "<group>";
		};
		857DCB5E1467223B003704DB /* Products */ = {
			isa = PBXGroup;
			children = (
				857DCB5D1467223B003704DB /* Swipe2_BB.app */,
				857DCB781467223B003704DB /* Swipe2_BBTests.octest */,
			);
			name = Products;
			sourceTree = "<group>";
		};
		857DCB601467223B003704DB /* Frameworks */ = {
			isa = PBXGroup;
			children = (
				857DCB611467223B003704DB /* UIKit.framework */,
				857DCB631467223B003704DB /* Foundation.framework */,
				857DCB651467223B003704DB /* CoreGraphics.framework */,
				857DCB791467223B003704DB /* SenTestingKit.framework */,
			);
			name = Frameworks;
			sourceTree = "<group>";
		};
		857DCB671467223B003704DB /* Swipe2_BB */ = {
			isa = PBXGroup;
			children = (
				857DCB701467223B003704DB /* Swipe2_BBAppDelegate.h */,
				857DCB711467223B003704DB /* Swipe2_BBAppDelegate.m */,
				857DCB681467223B003704DB /* Supporting Files */,
			);
			path = Swipe2_BB;
			sourceTree = "<group>";
		};
		857DCB681467223B003704DB /* Supporting Files */ = {
			isa = PBXGroup;
			children = (
				857DCB691467223B003704DB /* Swipe2_BB-Info.plist */,
				857DCB6A1467223B003704DB /* InfoPlist.strings */,
				857DCB6D1467223B003704DB /* main.m */,
				857DCB6F1467223B003704DB /* Swipe2_BB-Prefix.pch */,
			);
			name = "Supporting Files";
			sourceTree = "<group>";
		};
		857DCB7F1467223B003704DB /* Swipe2_BBTests */ = {
			isa = PBXGroup;
			children = (
				857DCB851467223B003704DB /* Swipe2_BBTests.h */,
				857DCB861467223B003704DB /* Swipe2_BBTests.m */,
				857DCB801467223B003704DB /* Supporting Files */,
			);
			path = Swipe2_BBTests;
			sourceTree = "<group>";
		};
		857DCB801467223B003704DB /* Supporting Files */ = {
			isa = PBXGroup;
			children = (
				857DCB811467223B003704DB /* Swipe2_BBTests-Info.plist */,
				857DCB821467223B003704DB /* InfoPlist.strings */,
			);
			name = "Supporting Files";
			sourceTree = "<group>";
		};
/* End PBXGroup section */

/* Begin PBXNativeTarget section */
		857DCB5C1467223B003704DB /* Swipe2_BB */ = {
			isa = PBXNativeTarget;
			buildConfigurationList = 857DCB8A1467223B003704DB /* Build configuration list for PBXNativeTarget "Swipe2_BB" */;
			buildPhases = (
				857DCB591467223B003704DB /* Sources */,
				857DCB5A1467223B003704DB /* Frameworks */,
				857DCB5B1467223B003704DB /* Resources */,
			);
			buildRules = (
			);
			dependencies = (
			);
			name = Swipe2_BB;
			productName = Swipe2_BB;
			productReference = 857DCB5D1467223B003704DB /* Swipe2_BB.app */;
			productType = "com.apple.product-type.application";
		};
		857DCB771467223B003704DB /* Swipe2_BBTests */ = {
			isa = PBXNativeTarget;
			buildConfigurationList = 857DCB8D1467223B003704DB /* Build configuration list for PBXNativeTarget "Swipe2_BBTests" */;
			buildPhases = (
				857DCB731467223B003704DB /* Sources */,
				857DCB741467223B003704DB /* Frameworks */,
				857DCB751467223B003704DB /* Resources */,
				857DCB761467223B003704DB /* ShellScript */,
			);
			buildRules = (
			);
			dependencies = (
				857DCB7E1467223B003704DB /* PBXTargetDependency */,
			);
			name = Swipe2_BBTests;
			productName = Swipe2_BBTests;
			productReference = 857DCB781467223B003704DB /* Swipe2_BBTests.octest */;
			productType = "com.apple.product-type.bundle";
		};
/* End PBXNativeTarget section */

/* Begin PBXProject section */
		857DCB541467223B003704DB /* Project object */ = {
			isa = PBXProject;
			attributes = {
				LastUpgradeCheck = 0420;
			};
			buildConfigurationList = 857DCB571467223B003704DB /* Build configuration list for PBXProject "Swipe2_BB" */;
			compatibilityVersion = "Xcode 3.2";
			developmentRegion = English;
			hasScannedForEncodings = 0;
			knownRegions = (
				en,
			);
			mainGroup = 857DCB521467223B003704DB;
			productRefGroup = 857DCB5E1467223B003704DB /* Products */;
			projectDirPath = "";
			projectRoot = "";
			targets = (
				857DCB5C1467223B003704DB /* Swipe2_BB */,
				857DCB771467223B003704DB /* Swipe2_BBTests */,
			);
		};
/* End PBXProject section */

/* Begin PBXResourcesBuildPhase section */
		857DCB5B1467223B003704DB /* Resources */ = {
			isa = PBXResourcesBuildPhase;
			buildActionMask = 2147483647;
			files = (
				857DCB6C1467223B003704DB /* InfoPlist.strings in Resources */,
			);
			runOnlyForDeploymentPostprocessing = 0;
		};
		857DCB751467223B003704DB /* Resources */ = {
			isa = PBXResourcesBuildPhase;
			buildActionMask = 2147483647;
			files = (
				857DCB841467223B003704DB /* InfoPlist.strings in Resources */,
			);
			runOnlyForDeploymentPostprocessing = 0;
		};
/* End PBXResourcesBuildPhase section */

/* Begin PBXShellScriptBuildPhase section */
		857DCB761467223B003704DB /* ShellScript */ = {
			isa = PBXShellScriptBuildPhase;
			buildActionMask = 2147483647;
			files = (
			);
			inputPaths = (
			);
			outputPaths = (
			);
			runOnlyForDeploymentPostprocessing = 0;
			shellPath = /bin/sh;
			shellScript = "# Run the unit tests in this test bundle.\n\"${SYSTEM_DEVELOPER_DIR}/Tools/RunUnitTests\"\n";
		};
/* End PBXShellScriptBuildPhase section */

/* Begin PBXSourcesBuildPhase section */
		857DCB591467223B003704DB /* Sources */ = {
			isa = PBXSourcesBuildPhase;
			buildActionMask = 2147483647;
			files = (
				857DCB6E1467223B003704DB /* main.m in Sources */,
				857DCB721467223B003704DB /* Swipe2_BBAppDelegate.m in Sources */,
			);
			runOnlyForDeploymentPostprocessing = 0;
		};
		857DCB731467223B003704DB /* Sources */ = {
			isa = PBXSourcesBuildPhase;
			buildActionMask = 2147483647;
			files = (
				857DCB871467223B003704DB /* Swipe2_BBTests.m in Sources */,
			);
			runOnlyForDeploymentPostprocessing = 0;
		};
/* End PBXSourcesBuildPhase section */

/* Begin PBXTargetDependency section */
		857DCB7E1467223B003704DB /* PBXTargetDependency */ = {
			isa = PBXTargetDependency;
			target = 857DCB5C1467223B003704DB /* Swipe2_BB */;
			targetProxy = 857DCB7D1467223B003704DB /* PBXContainerItemProxy */;
		};
/* End PBXTargetDependency section */

/* Begin PBXVariantGroup section */
		857DCB6A1467223B003704DB /* InfoPlist.strings */ = {
			isa = PBXVariantGroup;
			children = (
				857DCB6B1467223B003704DB /* en */,
			);
			name = InfoPlist.strings;
			sourceTree = "<group>";
		};
		857DCB821467223B003704DB /* InfoPlist.strings */ = {
			isa = PBXVariantGroup;
			children = (
				857DCB831467223B003704DB /* en */,
			);
			name = InfoPlist.strings;
			sourceTree = "<group>";
		};
/* End PBXVariantGroup section */

/* Begin XCBuildConfiguration section */
		857DCB881467223B003704DB /* Debug */ = {
			isa = XCBuildConfiguration;
			buildSettings = {
				ALWAYS_SEARCH_USER_PATHS = NO;
				ARCHS = "$(ARCHS_STANDARD_32_BIT)";
				CLANG_ENABLE_OBJC_ARC = YES;
				"CODE_SIGN_IDENTITY[sdk=iphoneos*]" = "iPhone Developer";
				COPY_PHASE_STRIP = NO;
				GCC_C_LANGUAGE_STANDARD = gnu99;
				GCC_DYNAMIC_NO_PIC = NO;
				GCC_OPTIMIZATION_LEVEL = 0;
				GCC_PREPROCESSOR_DEFINITIONS = (
					"DEBUG=1",
					"$(inherited)",
				);
				GCC_SYMBOLS_PRIVATE_EXTERN = NO;
				GCC_VERSION = com.apple.compilers.llvm.clang.1_0;
				GCC_WARN_ABOUT_MISSING_PROTOTYPES = YES;
				GCC_WARN_ABOUT_RETURN_TYPE = YES;
				GCC_WARN_UNUSED_VARIABLE = YES;
				IPHONEOS_DEPLOYMENT_TARGET = 5.0;
				SDKROOT = iphoneos;
			};
			name = Debug;
		};
		857DCB891467223B003704DB /* Release */ = {
			isa = XCBuildConfiguration;
			buildSettings = {
				ALWAYS_SEARCH_USER_PATHS = NO;
				ARCHS = "$(ARCHS_STANDARD_32_BIT)";
				CLANG_ENABLE_OBJC_ARC = YES;
				"CODE_SIGN_IDENTITY[sdk=iphoneos*]" = "iPhone Developer";
				COPY_PHASE_STRIP = YES;
				GCC_C_LANGUAGE_STANDARD = gnu99;
				GCC_VERSION = com.apple.compilers.llvm.clang.1_0;
				GCC_WARN_ABOUT_MISSING_PROTOTYPES = YES;
				GCC_WARN_ABOUT_RETURN_TYPE = YES;
				GCC_WARN_UNUSED_VARIABLE = YES;
				IPHONEOS_DEPLOYMENT_TARGET = 5.0;
				OTHER_CFLAGS = "-DNS_BLOCK_ASSERTIONS=1";
				SDKROOT = iphoneos;
				VALIDATE_PRODUCT = YES;
			};
			name = Release;
		};
		857DCB8B1467223B003704DB /* Debug */ = {
			isa = XCBuildConfiguration;
			buildSettings = {
				GCC_PRECOMPILE_PREFIX_HEADER = YES;
				GCC_PREFIX_HEADER = "Swipe2_BB/Swipe2_BB-Prefix.pch";
				INFOPLIST_FILE = "Swipe2_BB/Swipe2_BB-Info.plist";
				PRODUCT_NAME = "$(TARGET_NAME)";
				WRAPPER_EXTENSION = app;
			};
			name = Debug;
		};
		857DCB8C1467223B003704DB /* Release */ = {
			isa = XCBuildConfiguration;
			buildSettings = {
				GCC_PRECOMPILE_PREFIX_HEADER = YES;
				GCC_PREFIX_HEADER = "Swipe2_BB/Swipe2_BB-Prefix.pch";
				INFOPLIST_FILE = "Swipe2_BB/Swipe2_BB-Info.plist";
				PRODUCT_NAME = "$(TARGET_NAME)";
				WRAPPER_EXTENSION = app;
			};
			name = Release;
		};
		857DCB8E1467223B003704DB /* Debug */ = {
			isa = XCBuildConfiguration;
			buildSettings = {
				BUNDLE_LOADER = "$(BUILT_PRODUCTS_DIR)/Swipe2_BB.app/Swipe2_BB";
				FRAMEWORK_SEARCH_PATHS = (
					"$(SDKROOT)/Developer/Library/Frameworks",
					"$(DEVELOPER_LIBRARY_DIR)/Frameworks",
				);
				GCC_PRECOMPILE_PREFIX_HEADER = YES;
				GCC_PREFIX_HEADER = "Swipe2_BB/Swipe2_BB-Prefix.pch";
				INFOPLIST_FILE = "Swipe2_BBTests/Swipe2_BBTests-Info.plist";
				PRODUCT_NAME = "$(TARGET_NAME)";
				TEST_HOST = "$(BUNDLE_LOADER)";
				WRAPPER_EXTENSION = octest;
			};
			name = Debug;
		};
		857DCB8F1467223B003704DB /* Release */ = {
			isa = XCBuildConfiguration;
			buildSettings = {
				BUNDLE_LOADER = "$(BUILT_PRODUCTS_DIR)/Swipe2_BB.app/Swipe2_BB";
				FRAMEWORK_SEARCH_PATHS = (
					"$(SDKROOT)/Developer/Library/Frameworks",
					"$(DEVELOPER_LIBRARY_DIR)/Frameworks",
				);
				GCC_PRECOMPILE_PREFIX_HEADER = YES;
				GCC_PREFIX_HEADER = "Swipe2_BB/Swipe2_BB-Prefix.pch";
				INFOPLIST_FILE = "Swipe2_BBTests/Swipe2_BBTests-Info.plist";
				PRODUCT_NAME = "$(TARGET_NAME)";
				TEST_HOST = "$(BUNDLE_LOADER)";
				WRAPPER_EXTENSION = octest;
			};
			name = Release;
		};
/* End XCBuildConfiguration section */

/* Begin XCConfigurationList section */
		857DCB571467223B003704DB /* Build configuration list for PBXProject "Swipe2_BB" */ = {
			isa = XCConfigurationList;
			buildConfigurations = (
				857DCB881467223B003704DB /* Debug */,
				857DCB891467223B003704DB /* Release */,
			);
			defaultConfigurationIsVisible = 0;
			defaultConfigurationName = Release;
		};
		857DCB8A1467223B003704DB /* Build configuration list for PBXNativeTarget "Swipe2_BB" */ = {
			isa = XCConfigurationList;
			buildConfigurations = (
				857DCB8B1467223B003704DB /* Debug */,
				857DCB8C1467223B003704DB /* Release */,
			);
			defaultConfigurationIsVisible = 0;
		};
		857DCB8D1467223B003704DB /* Build configuration list for PBXNativeTarget "Swipe2_BBTests" */ = {
			isa = XCConfigurationList;
			buildConfigurations = (
				857DCB8E1467223B003704DB /* Debug */,
				857DCB8F1467223B003704DB /* Release */,
			);
			defaultConfigurationIsVisible = 0;
		};
/* End XCConfigurationList section */
	};
	rootObject = 857DCB541467223B003704DB /* Project object */;
}
