// !$*UTF8*$!
{
	archiveVersion = 1;
	classes = {
	};
	objectVersion = 46;
	objects = {

/* Begin PBXBuildFile section */
		8521D3F81457733400D35B51 /* UIKit.framework in Frameworks */ = {isa = PBXBuildFile; fileRef = 8521D3F71457733400D35B51 /* UIKit.framework */; };
		8521D3FA1457733400D35B51 /* Foundation.framework in Frameworks */ = {isa = PBXBuildFile; fileRef = 8521D3F91457733400D35B51 /* Foundation.framework */; };
		8521D3FC1457733400D35B51 /* CoreGraphics.framework in Frameworks */ = {isa = PBXBuildFile; fileRef = 8521D3FB1457733400D35B51 /* CoreGraphics.framework */; };
		8521D4021457733400D35B51 /* InfoPlist.strings in Resources */ = {isa = PBXBuildFile; fileRef = 8521D4001457733400D35B51 /* InfoPlist.strings */; };
		8521D4041457733400D35B51 /* main.m in Sources */ = {isa = PBXBuildFile; fileRef = 8521D4031457733400D35B51 /* main.m */; };
		8521D4081457733400D35B51 /* RowanAppDelegate.m in Sources */ = {isa = PBXBuildFile; fileRef = 8521D4071457733400D35B51 /* RowanAppDelegate.m */; };
		8521D40B1457733400D35B51 /* MainWindow.xib in Resources */ = {isa = PBXBuildFile; fileRef = 8521D4091457733400D35B51 /* MainWindow.xib */; };
		8521D4131457733500D35B51 /* SenTestingKit.framework in Frameworks */ = {isa = PBXBuildFile; fileRef = 8521D4121457733500D35B51 /* SenTestingKit.framework */; };
		8521D4141457733500D35B51 /* UIKit.framework in Frameworks */ = {isa = PBXBuildFile; fileRef = 8521D3F71457733400D35B51 /* UIKit.framework */; };
		8521D4151457733500D35B51 /* Foundation.framework in Frameworks */ = {isa = PBXBuildFile; fileRef = 8521D3F91457733400D35B51 /* Foundation.framework */; };
		8521D4161457733500D35B51 /* CoreGraphics.framework in Frameworks */ = {isa = PBXBuildFile; fileRef = 8521D3FB1457733400D35B51 /* CoreGraphics.framework */; };
		8521D41E1457733500D35B51 /* InfoPlist.strings in Resources */ = {isa = PBXBuildFile; fileRef = 8521D41C1457733500D35B51 /* InfoPlist.strings */; };
		8521D4201457733500D35B51 /* RowanTests.h in Resources */ = {isa = PBXBuildFile; fileRef = 8521D41F1457733500D35B51 /* RowanTests.h */; };
		8521D4221457733500D35B51 /* RowanTests.m in Sources */ = {isa = PBXBuildFile; fileRef = 8521D4211457733500D35B51 /* RowanTests.m */; };
/* End PBXBuildFile section */

/* Begin PBXContainerItemProxy section */
		8521D4171457733500D35B51 /* PBXContainerItemProxy */ = {
			isa = PBXContainerItemProxy;
			containerPortal = 8521D3EA1457733400D35B51 /* Project object */;
			proxyType = 1;
			remoteGlobalIDString = 8521D3F21457733400D35B51;
			remoteInfo = Rowan;
		};
/* End PBXContainerItemProxy section */

/* Begin PBXFileReference section */
		8521D3F31457733400D35B51 /* Rowan.app */ = {isa = PBXFileReference; explicitFileType = wrapper.application; includeInIndex = 0; path = Rowan.app; sourceTree = BUILT_PRODUCTS_DIR; };
		8521D3F71457733400D35B51 /* UIKit.framework */ = {isa = PBXFileReference; lastKnownFileType = wrapper.framework; name = UIKit.framework; path = System/Library/Frameworks/UIKit.framework; sourceTree = SDKROOT; };
		8521D3F91457733400D35B51 /* Foundation.framework */ = {isa = PBXFileReference; lastKnownFileType = wrapper.framework; name = Foundation.framework; path = System/Library/Frameworks/Foundation.framework; sourceTree = SDKROOT; };
		8521D3FB1457733400D35B51 /* CoreGraphics.framework */ = {isa = PBXFileReference; lastKnownFileType = wrapper.framework; name = CoreGraphics.framework; path = System/Library/Frameworks/CoreGraphics.framework; sourceTree = SDKROOT; };
		8521D3FF1457733400D35B51 /* Rowan-Info.plist */ = {isa = PBXFileReference; path = "Rowan-Info.plist"; sourceTree = "<group>"; };
		8521D4011457733400D35B51 /* en */ = {isa = PBXFileReference; lastKnownFileType = text.plist.strings; name = en; path = en.lproj/InfoPlist.strings; sourceTree = "<group>"; };
		8521D4031457733400D35B51 /* main.m */ = {isa = PBXFileReference; lastKnownFileType = sourcecode.c.objc; path = main.m; sourceTree = "<group>"; };
		8521D4051457733400D35B51 /* Rowan-Prefix.pch */ = {isa = PBXFileReference; path = "Rowan-Prefix.pch"; sourceTree = "<group>"; };
		8521D4061457733400D35B51 /* RowanAppDelegate.h */ = {isa = PBXFileReference; path = RowanAppDelegate.h; sourceTree = "<group>"; };
		8521D4071457733400D35B51 /* RowanAppDelegate.m */ = {isa = PBXFileReference; lastKnownFileType = sourcecode.c.objc; path = RowanAppDelegate.m; sourceTree = "<group>"; };
		8521D40A1457733400D35B51 /* en */ = {isa = PBXFileReference; lastKnownFileType = file.xib; name = en; path = en.lproj/MainWindow.xib; sourceTree = "<group>"; };
		8521D4111457733500D35B51 /* RowanTests.octest */ = {isa = PBXFileReference; explicitFileType = wrapper.cfbundle; includeInIndex = 0; path = RowanTests.octest; sourceTree = BUILT_PRODUCTS_DIR; };
		8521D4121457733500D35B51 /* SenTestingKit.framework */ = {isa = PBXFileReference; lastKnownFileType = wrapper.framework; name = SenTestingKit.framework; path = Library/Frameworks/SenTestingKit.framework; sourceTree = DEVELOPER_DIR; };
		8521D41B1457733500D35B51 /* RowanTests-Info.plist */ = {isa = PBXFileReference; path = "RowanTests-Info.plist"; sourceTree = "<group>"; };
		8521D41D1457733500D35B51 /* en */ = {isa = PBXFileReference; lastKnownFileType = text.plist.strings; name = en; path = en.lproj/InfoPlist.strings; sourceTree = "<group>"; };
		8521D41F1457733500D35B51 /* RowanTests.h */ = {isa = PBXFileReference; lastKnownFileType = sourcecode.c.h; path = RowanTests.h; sourceTree = "<group>"; };
		8521D4211457733500D35B51 /* RowanTests.m */ = {isa = PBXFileReference; lastKnownFileType = sourcecode.c.objc; path = RowanTests.m; sourceTree = "<group>"; };
/* End PBXFileReference section */

/* Begin PBXFrameworksBuildPhase section */
		8521D3F01457733400D35B51 /* Frameworks */ = {
			isa = PBXFrameworksBuildPhase;
			buildActionMask = 2147483647;
			files = (
				8521D3F81457733400D35B51 /* UIKit.framework in Frameworks */,
				8521D3FA1457733400D35B51 /* Foundation.framework in Frameworks */,
				8521D3FC1457733400D35B51 /* CoreGraphics.framework in Frameworks */,
			);
			runOnlyForDeploymentPostprocessing = 0;
		};
		8521D40D1457733500D35B51 /* Frameworks */ = {
			isa = PBXFrameworksBuildPhase;
			buildActionMask = 2147483647;
			files = (
				8521D4131457733500D35B51 /* SenTestingKit.framework in Frameworks */,
				8521D4141457733500D35B51 /* UIKit.framework in Frameworks */,
				8521D4151457733500D35B51 /* Foundation.framework in Frameworks */,
				8521D4161457733500D35B51 /* CoreGraphics.framework in Frameworks */,
			);
			runOnlyForDeploymentPostprocessing = 0;
		};
/* End PBXFrameworksBuildPhase section */

/* Begin PBXGroup section */
		8521D3E81457733400D35B51 = {
			isa = PBXGroup;
			children = (
				8521D3FD1457733400D35B51 /* Rowan */,
				8521D4191457733500D35B51 /* RowanTests */,
				8521D3F61457733400D35B51 /* Frameworks */,
				8521D3F41457733400D35B51 /* Products */,
			);
			sourceTree = "<group>";
		};
		8521D3F41457733400D35B51 /* Products */ = {
			isa = PBXGroup;
			children = (
				8521D3F31457733400D35B51 /* Rowan.app */,
				8521D4111457733500D35B51 /* RowanTests.octest */,
			);
			name = Products;
			sourceTree = "<group>";
		};
		8521D3F61457733400D35B51 /* Frameworks */ = {
			isa = PBXGroup;
			children = (
				8521D3F71457733400D35B51 /* UIKit.framework */,
				8521D3F91457733400D35B51 /* Foundation.framework */,
				8521D3FB1457733400D35B51 /* CoreGraphics.framework */,
				8521D4121457733500D35B51 /* SenTestingKit.framework */,
			);
			name = Frameworks;
			sourceTree = "<group>";
		};
		8521D3FD1457733400D35B51 /* Rowan */ = {
			isa = PBXGroup;
			children = (
				8521D4061457733400D35B51 /* RowanAppDelegate.h */,
				8521D4071457733400D35B51 /* RowanAppDelegate.m */,
				8521D4091457733400D35B51 /* MainWindow.xib */,
				8521D3FE1457733400D35B51 /* Supporting Files */,
			);
			path = Rowan;
			sourceTree = "<group>";
		};
		8521D3FE1457733400D35B51 /* Supporting Files */ = {
			isa = PBXGroup;
			children = (
				8521D3FF1457733400D35B51 /* Rowan-Info.plist */,
				8521D4001457733400D35B51 /* InfoPlist.strings */,
				8521D4031457733400D35B51 /* main.m */,
				8521D4051457733400D35B51 /* Rowan-Prefix.pch */,
			);
			name = "Supporting Files";
			sourceTree = "<group>";
		};
		8521D4191457733500D35B51 /* RowanTests */ = {
			isa = PBXGroup;
			children = (
				8521D41F1457733500D35B51 /* RowanTests.h */,
				8521D4211457733500D35B51 /* RowanTests.m */,
				8521D41A1457733500D35B51 /* Supporting Files */,
			);
			path = RowanTests;
			sourceTree = "<group>";
		};
		8521D41A1457733500D35B51 /* Supporting Files */ = {
			isa = PBXGroup;
			children = (
				8521D41B1457733500D35B51 /* RowanTests-Info.plist */,
				8521D41C1457733500D35B51 /* InfoPlist.strings */,
			);
			name = "Supporting Files";
			sourceTree = "<group>";
		};
/* End PBXGroup section */

/* Begin PBXNativeTarget section */
		8521D3F21457733400D35B51 /* Rowan */ = {
			isa = PBXNativeTarget;
			buildConfigurationList = 8521D4251457733500D35B51 /* Build configuration list for PBXNativeTarget "Rowan" */;
			buildPhases = (
				8521D3EF1457733400D35B51 /* Sources */,
				8521D3F01457733400D35B51 /* Frameworks */,
				8521D3F11457733400D35B51 /* Resources */,
			);
			buildRules = (
			);
			dependencies = (
			);
			name = Rowan;
			productName = Rowan;
			productReference = 8521D3F31457733400D35B51 /* Rowan.app */;
			productType = "com.apple.product-type.application";
		};
		8521D4101457733500D35B51 /* RowanTests */ = {
			isa = PBXNativeTarget;
			buildConfigurationList = 8521D4281457733500D35B51 /* Build configuration list for PBXNativeTarget "RowanTests" */;
			buildPhases = (
				8521D40C1457733500D35B51 /* Sources */,
				8521D40D1457733500D35B51 /* Frameworks */,
				8521D40E1457733500D35B51 /* Resources */,
				8521D40F1457733500D35B51 /* ShellScript */,
			);
			buildRules = (
			);
			dependencies = (
				8521D4181457733500D35B51 /* PBXTargetDependency */,
			);
			name = RowanTests;
			productName = RowanTests;
			productReference = 8521D4111457733500D35B51 /* RowanTests.octest */;
			productType = "com.apple.product-type.bundle";
		};
/* End PBXNativeTarget section */

/* Begin PBXProject section */
		8521D3EA1457733400D35B51 /* Project object */ = {
			isa = PBXProject;
			buildConfigurationList = 8521D3ED1457733400D35B51 /* Build configuration list for PBXProject "Rowan" */;
			compatibilityVersion = "Xcode 3.2";
			developmentRegion = English;
			hasScannedForEncodings = 0;
			knownRegions = (
				en,
			);
			mainGroup = 8521D3E81457733400D35B51;
			productRefGroup = 8521D3F41457733400D35B51 /* Products */;
			projectDirPath = "";
			projectRoot = "";
			targets = (
				8521D3F21457733400D35B51 /* Rowan */,
				8521D4101457733500D35B51 /* RowanTests */,
			);
		};
/* End PBXProject section */

/* Begin PBXResourcesBuildPhase section */
		8521D3F11457733400D35B51 /* Resources */ = {
			isa = PBXResourcesBuildPhase;
			buildActionMask = 2147483647;
			files = (
				8521D4021457733400D35B51 /* InfoPlist.strings in Resources */,
				8521D40B1457733400D35B51 /* MainWindow.xib in Resources */,
			);
			runOnlyForDeploymentPostprocessing = 0;
		};
		8521D40E1457733500D35B51 /* Resources */ = {
			isa = PBXResourcesBuildPhase;
			buildActionMask = 2147483647;
			files = (
				8521D41E1457733500D35B51 /* InfoPlist.strings in Resources */,
				8521D4201457733500D35B51 /* RowanTests.h in Resources */,
			);
			runOnlyForDeploymentPostprocessing = 0;
		};
/* End PBXResourcesBuildPhase section */

/* Begin PBXShellScriptBuildPhase section */
		8521D40F1457733500D35B51 /* ShellScript */ = {
			isa = PBXShellScriptBuildPhase;
			buildActionMask = 2147483647;
			files = (
			);
			inputPaths = (
			);
			outputPaths = (
			);
			runOnlyForDeploymentPostprocessing = 0;
			shellPath = /bin/sh;
			shellScript = "# Run the unit tests in this test bundle.\n\"${SYSTEM_DEVELOPER_DIR}/Tools/RunUnitTests\"\n";
		};
/* End PBXShellScriptBuildPhase section */

/* Begin PBXSourcesBuildPhase section */
		8521D3EF1457733400D35B51 /* Sources */ = {
			isa = PBXSourcesBuildPhase;
			buildActionMask = 2147483647;
			files = (
				8521D4041457733400D35B51 /* main.m in Sources */,
				8521D4081457733400D35B51 /* RowanAppDelegate.m in Sources */,
			);
			runOnlyForDeploymentPostprocessing = 0;
		};
		8521D40C1457733500D35B51 /* Sources */ = {
			isa = PBXSourcesBuildPhase;
			buildActionMask = 2147483647;
			files = (
				8521D4221457733500D35B51 /* RowanTests.m in Sources */,
			);
			runOnlyForDeploymentPostprocessing = 0;
		};
/* End PBXSourcesBuildPhase section */

/* Begin PBXTargetDependency section */
		8521D4181457733500D35B51 /* PBXTargetDependency */ = {
			isa = PBXTargetDependency;
			target = 8521D3F21457733400D35B51 /* Rowan */;
			targetProxy = 8521D4171457733500D35B51 /* PBXContainerItemProxy */;
		};
/* End PBXTargetDependency section */

/* Begin PBXVariantGroup section */
		8521D4001457733400D35B51 /* InfoPlist.strings */ = {
			isa = PBXVariantGroup;
			children = (
				8521D4011457733400D35B51 /* en */,
			);
			name = InfoPlist.strings;
			sourceTree = "<group>";
		};
		8521D4091457733400D35B51 /* MainWindow.xib */ = {
			isa = PBXVariantGroup;
			children = (
				8521D40A1457733400D35B51 /* en */,
			);
			name = MainWindow.xib;
			sourceTree = "<group>";
		};
		8521D41C1457733500D35B51 /* InfoPlist.strings */ = {
			isa = PBXVariantGroup;
			children = (
				8521D41D1457733500D35B51 /* en */,
			);
			name = InfoPlist.strings;
			sourceTree = "<group>";
		};
/* End PBXVariantGroup section */

/* Begin XCBuildConfiguration section */
		8521D4231457733500D35B51 /* Debug */ = {
			isa = XCBuildConfiguration;
			buildSettings = {
				ALWAYS_SEARCH_USER_PATHS = NO;
				ARCHS = "$(ARCHS_STANDARD_32_BIT)";
				"CODE_SIGN_IDENTITY[sdk=iphoneos*]" = "iPhone Developer";
				COPY_PHASE_STRIP = NO;
				GCC_C_LANGUAGE_STANDARD = gnu99;
				GCC_DYNAMIC_NO_PIC = NO;
				GCC_OPTIMIZATION_LEVEL = 0;
				GCC_PREPROCESSOR_DEFINITIONS = (
					"DEBUG=1",
					"$(inherited)",
				);
				GCC_SYMBOLS_PRIVATE_EXTERN = NO;
				GCC_VERSION = com.apple.compilers.llvmgcc42;
				GCC_WARN_ABOUT_MISSING_PROTOTYPES = YES;
				GCC_WARN_ABOUT_RETURN_TYPE = YES;
				GCC_WARN_UNUSED_VARIABLE = YES;
				IPHONEOS_DEPLOYMENT_TARGET = 4.3;
				SDKROOT = iphoneos;
			};
			name = Debug;
		};
		8521D4241457733500D35B51 /* Release */ = {
			isa = XCBuildConfiguration;
			buildSettings = {
				ALWAYS_SEARCH_USER_PATHS = NO;
				ARCHS = "$(ARCHS_STANDARD_32_BIT)";
				"CODE_SIGN_IDENTITY[sdk=iphoneos*]" = "iPhone Developer";
				COPY_PHASE_STRIP = YES;
				GCC_C_LANGUAGE_STANDARD = gnu99;
				GCC_VERSION = com.apple.compilers.llvmgcc42;
				GCC_WARN_ABOUT_MISSING_PROTOTYPES = YES;
				GCC_WARN_ABOUT_RETURN_TYPE = YES;
				GCC_WARN_UNUSED_VARIABLE = YES;
				IPHONEOS_DEPLOYMENT_TARGET = 4.3;
				OTHER_CFLAGS = "-DNS_BLOCK_ASSERTIONS=1";
				SDKROOT = iphoneos;
				VALIDATE_PRODUCT = YES;
			};
			name = Release;
		};
		8521D4261457733500D35B51 /* Debug */ = {
			isa = XCBuildConfiguration;
			buildSettings = {
				GCC_PRECOMPILE_PREFIX_HEADER = YES;
				GCC_PREFIX_HEADER = "Rowan/Rowan-Prefix.pch";
				INFOPLIST_FILE = "Rowan/Rowan-Info.plist";
				PRODUCT_NAME = "$(TARGET_NAME)";
				WRAPPER_EXTENSION = app;
			};
			name = Debug;
		};
		8521D4271457733500D35B51 /* Release */ = {
			isa = XCBuildConfiguration;
			buildSettings = {
				GCC_PRECOMPILE_PREFIX_HEADER = YES;
				GCC_PREFIX_HEADER = "Rowan/Rowan-Prefix.pch";
				INFOPLIST_FILE = "Rowan/Rowan-Info.plist";
				PRODUCT_NAME = "$(TARGET_NAME)";
				WRAPPER_EXTENSION = app;
			};
			name = Release;
		};
		8521D4291457733500D35B51 /* Debug */ = {
			isa = XCBuildConfiguration;
			buildSettings = {
				BUNDLE_LOADER = "$(BUILT_PRODUCTS_DIR)/Rowan.app/Rowan";
				FRAMEWORK_SEARCH_PATHS = (
					"$(SDKROOT)/Developer/Library/Frameworks",
					"$(DEVELOPER_LIBRARY_DIR)/Frameworks",
				);
				GCC_PRECOMPILE_PREFIX_HEADER = YES;
				GCC_PREFIX_HEADER = "Rowan/Rowan-Prefix.pch";
				INFOPLIST_FILE = "RowanTests/RowanTests-Info.plist";
				PRODUCT_NAME = "$(TARGET_NAME)";
				TEST_HOST = "$(BUNDLE_LOADER)";
				WRAPPER_EXTENSION = octest;
			};
			name = Debug;
		};
		8521D42A1457733500D35B51 /* Release */ = {
			isa = XCBuildConfiguration;
			buildSettings = {
				BUNDLE_LOADER = "$(BUILT_PRODUCTS_DIR)/Rowan.app/Rowan";
				FRAMEWORK_SEARCH_PATHS = (
					"$(SDKROOT)/Developer/Library/Frameworks",
					"$(DEVELOPER_LIBRARY_DIR)/Frameworks",
				);
				GCC_PRECOMPILE_PREFIX_HEADER = YES;
				GCC_PREFIX_HEADER = "Rowan/Rowan-Prefix.pch";
				INFOPLIST_FILE = "RowanTests/RowanTests-Info.plist";
				PRODUCT_NAME = "$(TARGET_NAME)";
				TEST_HOST = "$(BUNDLE_LOADER)";
				WRAPPER_EXTENSION = octest;
			};
			name = Release;
		};
/* End XCBuildConfiguration section */

/* Begin XCConfigurationList section */
		8521D3ED1457733400D35B51 /* Build configuration list for PBXProject "Rowan" */ = {
			isa = XCConfigurationList;
			buildConfigurations = (
				8521D4231457733500D35B51 /* Debug */,
				8521D4241457733500D35B51 /* Release */,
			);
			defaultConfigurationIsVisible = 0;
			defaultConfigurationName = Release;
		};
		8521D4251457733500D35B51 /* Build configuration list for PBXNativeTarget "Rowan" */ = {
			isa = XCConfigurationList;
			buildConfigurations = (
				8521D4261457733500D35B51 /* Debug */,
				8521D4271457733500D35B51 /* Release */,
			);
			defaultConfigurationIsVisible = 0;
		};
		8521D4281457733500D35B51 /* Build configuration list for PBXNativeTarget "RowanTests" */ = {
			isa = XCConfigurationList;
			buildConfigurations = (
				8521D4291457733500D35B51 /* Debug */,
				8521D42A1457733500D35B51 /* Release */,
			);
			defaultConfigurationIsVisible = 0;
		};
/* End XCConfigurationList section */
	};
	rootObject = 8521D3EA1457733400D35B51 /* Project object */;
}
