// !$*UTF8*$!
{
	archiveVersion = 1;
	classes = {
	};
	objectVersion = 46;
	objects = {

/* Begin PBXBuildFile section */
		8521D45A1457783300D35B51 /* UIKit.framework in Frameworks */ = {isa = PBXBuildFile; fileRef = 8521D4591457783300D35B51 /* UIKit.framework */; };
		8521D45C1457783300D35B51 /* Foundation.framework in Frameworks */ = {isa = PBXBuildFile; fileRef = 8521D45B1457783300D35B51 /* Foundation.framework */; };
		8521D45E1457783300D35B51 /* CoreGraphics.framework in Frameworks */ = {isa = PBXBuildFile; fileRef = 8521D45D1457783300D35B51 /* CoreGraphics.framework */; };
		8521D4641457783300D35B51 /* InfoPlist.strings in Resources */ = {isa = PBXBuildFile; fileRef = 8521D4621457783300D35B51 /* InfoPlist.strings */; };
		8521D4661457783300D35B51 /* main.m in Sources */ = {isa = PBXBuildFile; fileRef = 8521D4651457783300D35B51 /* main.m */; };
		8521D46A1457783300D35B51 /* Rowan2AppDelegate.m in Sources */ = {isa = PBXBuildFile; fileRef = 8521D4691457783300D35B51 /* Rowan2AppDelegate.m */; };
		8521D4751457783300D35B51 /* SenTestingKit.framework in Frameworks */ = {isa = PBXBuildFile; fileRef = 8521D4741457783300D35B51 /* SenTestingKit.framework */; };
		8521D4761457783300D35B51 /* UIKit.framework in Frameworks */ = {isa = PBXBuildFile; fileRef = 8521D4591457783300D35B51 /* UIKit.framework */; };
		8521D4771457783300D35B51 /* Foundation.framework in Frameworks */ = {isa = PBXBuildFile; fileRef = 8521D45B1457783300D35B51 /* Foundation.framework */; };
		8521D4781457783300D35B51 /* CoreGraphics.framework in Frameworks */ = {isa = PBXBuildFile; fileRef = 8521D45D1457783300D35B51 /* CoreGraphics.framework */; };
		8521D4801457783300D35B51 /* InfoPlist.strings in Resources */ = {isa = PBXBuildFile; fileRef = 8521D47E1457783300D35B51 /* InfoPlist.strings */; };
		8521D4821457783300D35B51 /* Rowan2Tests.h in Resources */ = {isa = PBXBuildFile; fileRef = 8521D4811457783300D35B51 /* Rowan2Tests.h */; };
		8521D4841457783300D35B51 /* Rowan2Tests.m in Sources */ = {isa = PBXBuildFile; fileRef = 8521D4831457783300D35B51 /* Rowan2Tests.m */; };
		8521D4971457793F00D35B51 /* Rowan2-Info.plist in Resources */ = {isa = PBXBuildFile; fileRef = 8521D4611457783300D35B51 /* Rowan2-Info.plist */; };
		8521D4A114577A7600D35B51 /* View.m in Sources */ = {isa = PBXBuildFile; fileRef = 8521D4A014577A7600D35B51 /* View.m */; };
		8521D4A314577AE200D35B51 /* default.png in Resources */ = {isa = PBXBuildFile; fileRef = 8521D4A214577AE200D35B51 /* default.png */; };
		8521D4A814577D1A00D35B51 /* rowan.jpg in Resources */ = {isa = PBXBuildFile; fileRef = 8521D4A714577D1A00D35B51 /* rowan.jpg */; };
		8521D4B114577E0400D35B51 /* icon.png in Resources */ = {isa = PBXBuildFile; fileRef = 8521D4B014577E0400D35B51 /* icon.png */; };
		8521D4C0145780EA00D35B51 /* InfoPlist.strings in Resources */ = {isa = PBXBuildFile; fileRef = 8521D4BC145780EA00D35B51 /* InfoPlist.strings */; };
		8521D4C1145780EA00D35B51 /* Localizable.strings in Resources */ = {isa = PBXBuildFile; fileRef = 8521D4BE145780EA00D35B51 /* Localizable.strings */; };
		8521D4D11457825A00D35B51 /* InfoPlist.strings in Resources */ = {isa = PBXBuildFile; fileRef = 8521D4CD1457825A00D35B51 /* InfoPlist.strings */; };
		8521D4D21457825A00D35B51 /* Localizable.strings in Resources */ = {isa = PBXBuildFile; fileRef = 8521D4CF1457825A00D35B51 /* Localizable.strings */; };
/* End PBXBuildFile section */

/* Begin PBXContainerItemProxy section */
		8521D4791457783300D35B51 /* PBXContainerItemProxy */ = {
			isa = PBXContainerItemProxy;
			containerPortal = 8521D44C1457783300D35B51 /* Project object */;
			proxyType = 1;
			remoteGlobalIDString = 8521D4541457783300D35B51;
			remoteInfo = Rowan2;
		};
/* End PBXContainerItemProxy section */

/* Begin PBXFileReference section */
		8521D4551457783300D35B51 /* Rowan2.app */ = {isa = PBXFileReference; explicitFileType = wrapper.application; includeInIndex = 0; path = Rowan2.app; sourceTree = BUILT_PRODUCTS_DIR; };
		8521D4591457783300D35B51 /* UIKit.framework */ = {isa = PBXFileReference; lastKnownFileType = wrapper.framework; name = UIKit.framework; path = System/Library/Frameworks/UIKit.framework; sourceTree = SDKROOT; };
		8521D45B1457783300D35B51 /* Foundation.framework */ = {isa = PBXFileReference; lastKnownFileType = wrapper.framework; name = Foundation.framework; path = System/Library/Frameworks/Foundation.framework; sourceTree = SDKROOT; };
		8521D45D1457783300D35B51 /* CoreGraphics.framework */ = {isa = PBXFileReference; lastKnownFileType = wrapper.framework; name = CoreGraphics.framework; path = System/Library/Frameworks/CoreGraphics.framework; sourceTree = SDKROOT; };
		8521D4611457783300D35B51 /* Rowan2-Info.plist */ = {isa = PBXFileReference; fileEncoding = 4; lastKnownFileType = text.plist.xml; path = "Rowan2-Info.plist"; sourceTree = "<group>"; };
		8521D4631457783300D35B51 /* en */ = {isa = PBXFileReference; lastKnownFileType = text.plist.strings; name = en; path = en.lproj/InfoPlist.strings; sourceTree = "<group>"; };
		8521D4651457783300D35B51 /* main.m */ = {isa = PBXFileReference; lastKnownFileType = sourcecode.c.objc; path = main.m; sourceTree = "<group>"; };
		8521D4671457783300D35B51 /* Rowan2-Prefix.pch */ = {isa = PBXFileReference; lastKnownFileType = sourcecode.c.h; path = "Rowan2-Prefix.pch"; sourceTree = "<group>"; };
		8521D4681457783300D35B51 /* Rowan2AppDelegate.h */ = {isa = PBXFileReference; lastKnownFileType = sourcecode.c.h; path = Rowan2AppDelegate.h; sourceTree = "<group>"; };
		8521D4691457783300D35B51 /* Rowan2AppDelegate.m */ = {isa = PBXFileReference; lastKnownFileType = sourcecode.c.objc; path = Rowan2AppDelegate.m; sourceTree = "<group>"; };
		8521D4731457783300D35B51 /* Rowan2Tests.octest */ = {isa = PBXFileReference; explicitFileType = wrapper.cfbundle; includeInIndex = 0; path = Rowan2Tests.octest; sourceTree = BUILT_PRODUCTS_DIR; };
		8521D4741457783300D35B51 /* SenTestingKit.framework */ = {isa = PBXFileReference; lastKnownFileType = wrapper.framework; name = SenTestingKit.framework; path = Library/Frameworks/SenTestingKit.framework; sourceTree = DEVELOPER_DIR; };
		8521D47D1457783300D35B51 /* Rowan2Tests-Info.plist */ = {isa = PBXFileReference; lastKnownFileType = text.plist.xml; path = "Rowan2Tests-Info.plist"; sourceTree = "<group>"; };
		8521D47F1457783300D35B51 /* en */ = {isa = PBXFileReference; lastKnownFileType = text.plist.strings; name = en; path = en.lproj/InfoPlist.strings; sourceTree = "<group>"; };
		8521D4811457783300D35B51 /* Rowan2Tests.h */ = {isa = PBXFileReference; lastKnownFileType = sourcecode.c.h; path = Rowan2Tests.h; sourceTree = "<group>"; };
		8521D4831457783300D35B51 /* Rowan2Tests.m */ = {isa = PBXFileReference; lastKnownFileType = sourcecode.c.objc; path = Rowan2Tests.m; sourceTree = "<group>"; };
		8521D49F14577A7600D35B51 /* View.h */ = {isa = PBXFileReference; fileEncoding = 4; lastKnownFileType = sourcecode.c.h; name = View.h; path = ../View.h; sourceTree = "<group>"; };
		8521D4A014577A7600D35B51 /* View.m */ = {isa = PBXFileReference; fileEncoding = 4; lastKnownFileType = sourcecode.c.objc; name = View.m; path = ../View.m; sourceTree = "<group>"; };
		8521D4A214577AE200D35B51 /* default.png */ = {isa = PBXFileReference; lastKnownFileType = image.png; name = default.png; path = ../../../Granddaughter/Granddaughter/default.png; sourceTree = "<group>"; };
		8521D4A714577D1A00D35B51 /* rowan.jpg */ = {isa = PBXFileReference; lastKnownFileType = image.jpeg; name = rowan.jpg; path = ../../../Granddaughter/Granddaughter/rowan.jpg; sourceTree = "<group>"; };
		8521D4B014577E0400D35B51 /* icon.png */ = {isa = PBXFileReference; lastKnownFileType = image.png; name = icon.png; path = ../../../Granddaughter/Granddaughter/icon.png; sourceTree = "<group>"; };
		8521D4BD145780EA00D35B51 /* fr */ = {isa = PBXFileReference; lastKnownFileType = text.plist.strings; name = fr; path = InfoPlist.strings; sourceTree = "<group>"; };
		8521D4BF145780EA00D35B51 /* fr */ = {isa = PBXFileReference; lastKnownFileType = text.plist.strings; name = fr; path = Localizable.strings; sourceTree = "<group>"; };
		8521D4CE1457825A00D35B51 /* en */ = {isa = PBXFileReference; lastKnownFileType = text.plist.strings; name = en; path = InfoPlist.strings; sourceTree = "<group>"; };
		8521D4D01457825A00D35B51 /* en */ = {isa = PBXFileReference; lastKnownFileType = text.plist.strings; name = en; path = Localizable.strings; sourceTree = "<group>"; };
/* End PBXFileReference section */

/* Begin PBXFrameworksBuildPhase section */
		8521D4521457783300D35B51 /* Frameworks */ = {
			isa = PBXFrameworksBuildPhase;
			buildActionMask = 2147483647;
			files = (
				8521D45A1457783300D35B51 /* UIKit.framework in Frameworks */,
				8521D45C1457783300D35B51 /* Foundation.framework in Frameworks */,
				8521D45E1457783300D35B51 /* CoreGraphics.framework in Frameworks */,
			);
			runOnlyForDeploymentPostprocessing = 0;
		};
		8521D46F1457783300D35B51 /* Frameworks */ = {
			isa = PBXFrameworksBuildPhase;
			buildActionMask = 2147483647;
			files = (
				8521D4751457783300D35B51 /* SenTestingKit.framework in Frameworks */,
				8521D4761457783300D35B51 /* UIKit.framework in Frameworks */,
				8521D4771457783300D35B51 /* Foundation.framework in Frameworks */,
				8521D4781457783300D35B51 /* CoreGraphics.framework in Frameworks */,
			);
			runOnlyForDeploymentPostprocessing = 0;
		};
/* End PBXFrameworksBuildPhase section */

/* Begin PBXGroup section */
		8521D44A1457783300D35B51 = {
			isa = PBXGroup;
			children = (
				8521D45F1457783300D35B51 /* Rowan2 */,
				8521D47B1457783300D35B51 /* Rowan2Tests */,
				8521D4581457783300D35B51 /* Frameworks */,
				8521D4561457783300D35B51 /* Products */,
			);
			sourceTree = "<group>";
		};
		8521D4561457783300D35B51 /* Products */ = {
			isa = PBXGroup;
			children = (
				8521D4551457783300D35B51 /* Rowan2.app */,
				8521D4731457783300D35B51 /* Rowan2Tests.octest */,
			);
			name = Products;
			sourceTree = "<group>";
		};
		8521D4581457783300D35B51 /* Frameworks */ = {
			isa = PBXGroup;
			children = (
				8521D4591457783300D35B51 /* UIKit.framework */,
				8521D45B1457783300D35B51 /* Foundation.framework */,
				8521D45D1457783300D35B51 /* CoreGraphics.framework */,
				8521D4741457783300D35B51 /* SenTestingKit.framework */,
			);
			name = Frameworks;
			sourceTree = "<group>";
		};
		8521D45F1457783300D35B51 /* Rowan2 */ = {
			isa = PBXGroup;
			children = (
				8521D4B014577E0400D35B51 /* icon.png */,
				8521D4681457783300D35B51 /* Rowan2AppDelegate.h */,
				8521D4691457783300D35B51 /* Rowan2AppDelegate.m */,
				8521D49F14577A7600D35B51 /* View.h */,
				8521D4A014577A7600D35B51 /* View.m */,
				8521D4601457783300D35B51 /* Supporting Files */,
			);
			path = Rowan2;
			sourceTree = "<group>";
		};
		8521D4601457783300D35B51 /* Supporting Files */ = {
			isa = PBXGroup;
			children = (
				8521D4CC1457825A00D35B51 /* en.lproj */,
				8521D4BB145780EA00D35B51 /* fr.lproj */,
				8521D4A714577D1A00D35B51 /* rowan.jpg */,
				8521D4A214577AE200D35B51 /* default.png */,
				8521D4611457783300D35B51 /* Rowan2-Info.plist */,
				8521D4621457783300D35B51 /* InfoPlist.strings */,
				8521D4651457783300D35B51 /* main.m */,
				8521D4671457783300D35B51 /* Rowan2-Prefix.pch */,
			);
			name = "Supporting Files";
			sourceTree = "<group>";
		};
		8521D47B1457783300D35B51 /* Rowan2Tests */ = {
			isa = PBXGroup;
			children = (
				8521D4811457783300D35B51 /* Rowan2Tests.h */,
				8521D4831457783300D35B51 /* Rowan2Tests.m */,
				8521D47C1457783300D35B51 /* Supporting Files */,
			);
			path = Rowan2Tests;
			sourceTree = "<group>";
		};
		8521D47C1457783300D35B51 /* Supporting Files */ = {
			isa = PBXGroup;
			children = (
				8521D47D1457783300D35B51 /* Rowan2Tests-Info.plist */,
				8521D47E1457783300D35B51 /* InfoPlist.strings */,
			);
			name = "Supporting Files";
			sourceTree = "<group>";
		};
		8521D4BB145780EA00D35B51 /* fr.lproj */ = {
			isa = PBXGroup;
			children = (
				8521D4BC145780EA00D35B51 /* InfoPlist.strings */,
				8521D4BE145780EA00D35B51 /* Localizable.strings */,
			);
			path = fr.lproj;
			sourceTree = "<group>";
		};
		8521D4CC1457825A00D35B51 /* en.lproj */ = {
			isa = PBXGroup;
			children = (
				8521D4CD1457825A00D35B51 /* InfoPlist.strings */,
				8521D4CF1457825A00D35B51 /* Localizable.strings */,
			);
			path = en.lproj;
			sourceTree = "<group>";
		};
/* End PBXGroup section */

/* Begin PBXNativeTarget section */
		8521D4541457783300D35B51 /* Rowan2 */ = {
			isa = PBXNativeTarget;
			buildConfigurationList = 8521D4871457783300D35B51 /* Build configuration list for PBXNativeTarget "Rowan2" */;
			buildPhases = (
				8521D4511457783300D35B51 /* Sources */,
				8521D4521457783300D35B51 /* Frameworks */,
				8521D4531457783300D35B51 /* Resources */,
			);
			buildRules = (
			);
			dependencies = (
			);
			name = Rowan2;
			productName = Rowan2;
			productReference = 8521D4551457783300D35B51 /* Rowan2.app */;
			productType = "com.apple.product-type.application";
		};
		8521D4721457783300D35B51 /* Rowan2Tests */ = {
			isa = PBXNativeTarget;
			buildConfigurationList = 8521D48A1457783300D35B51 /* Build configuration list for PBXNativeTarget "Rowan2Tests" */;
			buildPhases = (
				8521D46E1457783300D35B51 /* Sources */,
				8521D46F1457783300D35B51 /* Frameworks */,
				8521D4701457783300D35B51 /* Resources */,
				8521D4711457783300D35B51 /* ShellScript */,
			);
			buildRules = (
			);
			dependencies = (
				8521D47A1457783300D35B51 /* PBXTargetDependency */,
			);
			name = Rowan2Tests;
			productName = Rowan2Tests;
			productReference = 8521D4731457783300D35B51 /* Rowan2Tests.octest */;
			productType = "com.apple.product-type.bundle";
		};
/* End PBXNativeTarget section */

/* Begin PBXProject section */
		8521D44C1457783300D35B51 /* Project object */ = {
			isa = PBXProject;
			buildConfigurationList = 8521D44F1457783300D35B51 /* Build configuration list for PBXProject "Rowan2" */;
			compatibilityVersion = "Xcode 3.2";
			developmentRegion = English;
			hasScannedForEncodings = 0;
			knownRegions = (
				en,
				fr,
			);
			mainGroup = 8521D44A1457783300D35B51;
			productRefGroup = 8521D4561457783300D35B51 /* Products */;
			projectDirPath = "";
			projectRoot = "";
			targets = (
				8521D4541457783300D35B51 /* Rowan2 */,
				8521D4721457783300D35B51 /* Rowan2Tests */,
			);
		};
/* End PBXProject section */

/* Begin PBXResourcesBuildPhase section */
		8521D4531457783300D35B51 /* Resources */ = {
			isa = PBXResourcesBuildPhase;
			buildActionMask = 2147483647;
			files = (
				8521D4641457783300D35B51 /* InfoPlist.strings in Resources */,
				8521D4971457793F00D35B51 /* Rowan2-Info.plist in Resources */,
				8521D4A314577AE200D35B51 /* default.png in Resources */,
				8521D4A814577D1A00D35B51 /* rowan.jpg in Resources */,
				8521D4B114577E0400D35B51 /* icon.png in Resources */,
				8521D4C0145780EA00D35B51 /* InfoPlist.strings in Resources */,
				8521D4C1145780EA00D35B51 /* Localizable.strings in Resources */,
				8521D4D11457825A00D35B51 /* InfoPlist.strings in Resources */,
				8521D4D21457825A00D35B51 /* Localizable.strings in Resources */,
			);
			runOnlyForDeploymentPostprocessing = 0;
		};
		8521D4701457783300D35B51 /* Resources */ = {
			isa = PBXResourcesBuildPhase;
			buildActionMask = 2147483647;
			files = (
				8521D4801457783300D35B51 /* InfoPlist.strings in Resources */,
				8521D4821457783300D35B51 /* Rowan2Tests.h in Resources */,
			);
			runOnlyForDeploymentPostprocessing = 0;
		};
/* End PBXResourcesBuildPhase section */

/* Begin PBXShellScriptBuildPhase section */
		8521D4711457783300D35B51 /* ShellScript */ = {
			isa = PBXShellScriptBuildPhase;
			buildActionMask = 2147483647;
			files = (
			);
			inputPaths = (
			);
			outputPaths = (
			);
			runOnlyForDeploymentPostprocessing = 0;
			shellPath = /bin/sh;
			shellScript = "# Run the unit tests in this test bundle.\n\"${SYSTEM_DEVELOPER_DIR}/Tools/RunUnitTests\"\n";
		};
/* End PBXShellScriptBuildPhase section */

/* Begin PBXSourcesBuildPhase section */
		8521D4511457783300D35B51 /* Sources */ = {
			isa = PBXSourcesBuildPhase;
			buildActionMask = 2147483647;
			files = (
				8521D4661457783300D35B51 /* main.m in Sources */,
				8521D46A1457783300D35B51 /* Rowan2AppDelegate.m in Sources */,
				8521D4A114577A7600D35B51 /* View.m in Sources */,
			);
			runOnlyForDeploymentPostprocessing = 0;
		};
		8521D46E1457783300D35B51 /* Sources */ = {
			isa = PBXSourcesBuildPhase;
			buildActionMask = 2147483647;
			files = (
				8521D4841457783300D35B51 /* Rowan2Tests.m in Sources */,
			);
			runOnlyForDeploymentPostprocessing = 0;
		};
/* End PBXSourcesBuildPhase section */

/* Begin PBXTargetDependency section */
		8521D47A1457783300D35B51 /* PBXTargetDependency */ = {
			isa = PBXTargetDependency;
			target = 8521D4541457783300D35B51 /* Rowan2 */;
			targetProxy = 8521D4791457783300D35B51 /* PBXContainerItemProxy */;
		};
/* End PBXTargetDependency section */

/* Begin PBXVariantGroup section */
		8521D4621457783300D35B51 /* InfoPlist.strings */ = {
			isa = PBXVariantGroup;
			children = (
				8521D4631457783300D35B51 /* en */,
			);
			name = InfoPlist.strings;
			sourceTree = "<group>";
		};
		8521D47E1457783300D35B51 /* InfoPlist.strings */ = {
			isa = PBXVariantGroup;
			children = (
				8521D47F1457783300D35B51 /* en */,
			);
			name = InfoPlist.strings;
			sourceTree = "<group>";
		};
		8521D4BC145780EA00D35B51 /* InfoPlist.strings */ = {
			isa = PBXVariantGroup;
			children = (
				8521D4BD145780EA00D35B51 /* fr */,
			);
			name = InfoPlist.strings;
			sourceTree = "<group>";
		};
		8521D4BE145780EA00D35B51 /* Localizable.strings */ = {
			isa = PBXVariantGroup;
			children = (
				8521D4BF145780EA00D35B51 /* fr */,
			);
			name = Localizable.strings;
			sourceTree = "<group>";
		};
		8521D4CD1457825A00D35B51 /* InfoPlist.strings */ = {
			isa = PBXVariantGroup;
			children = (
				8521D4CE1457825A00D35B51 /* en */,
			);
			name = InfoPlist.strings;
			sourceTree = "<group>";
		};
		8521D4CF1457825A00D35B51 /* Localizable.strings */ = {
			isa = PBXVariantGroup;
			children = (
				8521D4D01457825A00D35B51 /* en */,
			);
			name = Localizable.strings;
			sourceTree = "<group>";
		};
/* End PBXVariantGroup section */

/* Begin XCBuildConfiguration section */
		8521D4851457783300D35B51 /* Debug */ = {
			isa = XCBuildConfiguration;
			buildSettings = {
				ALWAYS_SEARCH_USER_PATHS = NO;
				ARCHS = "$(ARCHS_STANDARD_32_BIT)";
				"CODE_SIGN_IDENTITY[sdk=iphoneos*]" = "iPhone Developer";
				COPY_PHASE_STRIP = NO;
				GCC_C_LANGUAGE_STANDARD = gnu99;
				GCC_DYNAMIC_NO_PIC = NO;
				GCC_OPTIMIZATION_LEVEL = 0;
				GCC_PREPROCESSOR_DEFINITIONS = (
					"DEBUG=1",
					"$(inherited)",
				);
				GCC_SYMBOLS_PRIVATE_EXTERN = NO;
				GCC_VERSION = com.apple.compilers.llvmgcc42;
				GCC_WARN_ABOUT_MISSING_PROTOTYPES = YES;
				GCC_WARN_ABOUT_RETURN_TYPE = YES;
				GCC_WARN_UNUSED_VARIABLE = YES;
				IPHONEOS_DEPLOYMENT_TARGET = 4.3;
				SDKROOT = iphoneos;
			};
			name = Debug;
		};
		8521D4861457783300D35B51 /* Release */ = {
			isa = XCBuildConfiguration;
			buildSettings = {
				ALWAYS_SEARCH_USER_PATHS = NO;
				ARCHS = "$(ARCHS_STANDARD_32_BIT)";
				"CODE_SIGN_IDENTITY[sdk=iphoneos*]" = "iPhone Developer";
				COPY_PHASE_STRIP = YES;
				GCC_C_LANGUAGE_STANDARD = gnu99;
				GCC_VERSION = com.apple.compilers.llvmgcc42;
				GCC_WARN_ABOUT_MISSING_PROTOTYPES = YES;
				GCC_WARN_ABOUT_RETURN_TYPE = YES;
				GCC_WARN_UNUSED_VARIABLE = YES;
				IPHONEOS_DEPLOYMENT_TARGET = 4.3;
				OTHER_CFLAGS = "-DNS_BLOCK_ASSERTIONS=1";
				SDKROOT = iphoneos;
				VALIDATE_PRODUCT = YES;
			};
			name = Release;
		};
		8521D4881457783300D35B51 /* Debug */ = {
			isa = XCBuildConfiguration;
			buildSettings = {
				GCC_PRECOMPILE_PREFIX_HEADER = YES;
				GCC_PREFIX_HEADER = "Rowan2/Rowan2-Prefix.pch";
				INFOPLIST_FILE = "Rowan2/Rowan2-Info.plist";
				PRODUCT_NAME = "$(TARGET_NAME)";
				WRAPPER_EXTENSION = app;
			};
			name = Debug;
		};
		8521D4891457783300D35B51 /* Release */ = {
			isa = XCBuildConfiguration;
			buildSettings = {
				GCC_PRECOMPILE_PREFIX_HEADER = YES;
				GCC_PREFIX_HEADER = "Rowan2/Rowan2-Prefix.pch";
				INFOPLIST_FILE = "Rowan2/Rowan2-Info.plist";
				PRODUCT_NAME = "$(TARGET_NAME)";
				WRAPPER_EXTENSION = app;
			};
			name = Release;
		};
		8521D48B1457783300D35B51 /* Debug */ = {
			isa = XCBuildConfiguration;
			buildSettings = {
				BUNDLE_LOADER = "$(BUILT_PRODUCTS_DIR)/Rowan2.app/Rowan2";
				FRAMEWORK_SEARCH_PATHS = (
					"$(SDKROOT)/Developer/Library/Frameworks",
					"$(DEVELOPER_LIBRARY_DIR)/Frameworks",
				);
				GCC_PRECOMPILE_PREFIX_HEADER = YES;
				GCC_PREFIX_HEADER = "Rowan2/Rowan2-Prefix.pch";
				INFOPLIST_FILE = "Rowan2Tests/Rowan2Tests-Info.plist";
				PRODUCT_NAME = "$(TARGET_NAME)";
				TEST_HOST = "$(BUNDLE_LOADER)";
				WRAPPER_EXTENSION = octest;
			};
			name = Debug;
		};
		8521D48C1457783300D35B51 /* Release */ = {
			isa = XCBuildConfiguration;
			buildSettings = {
				BUNDLE_LOADER = "$(BUILT_PRODUCTS_DIR)/Rowan2.app/Rowan2";
				FRAMEWORK_SEARCH_PATHS = (
					"$(SDKROOT)/Developer/Library/Frameworks",
					"$(DEVELOPER_LIBRARY_DIR)/Frameworks",
				);
				GCC_PRECOMPILE_PREFIX_HEADER = YES;
				GCC_PREFIX_HEADER = "Rowan2/Rowan2-Prefix.pch";
				INFOPLIST_FILE = "Rowan2Tests/Rowan2Tests-Info.plist";
				PRODUCT_NAME = "$(TARGET_NAME)";
				TEST_HOST = "$(BUNDLE_LOADER)";
				WRAPPER_EXTENSION = octest;
			};
			name = Release;
		};
/* End XCBuildConfiguration section */

/* Begin XCConfigurationList section */
		8521D44F1457783300D35B51 /* Build configuration list for PBXProject "Rowan2" */ = {
			isa = XCConfigurationList;
			buildConfigurations = (
				8521D4851457783300D35B51 /* Debug */,
				8521D4861457783300D35B51 /* Release */,
			);
			defaultConfigurationIsVisible = 0;
			defaultConfigurationName = Release;
		};
		8521D4871457783300D35B51 /* Build configuration list for PBXNativeTarget "Rowan2" */ = {
			isa = XCConfigurationList;
			buildConfigurations = (
				8521D4881457783300D35B51 /* Debug */,
				8521D4891457783300D35B51 /* Release */,
			);
			defaultConfigurationIsVisible = 0;
			defaultConfigurationName = Release;
		};
		8521D48A1457783300D35B51 /* Build configuration list for PBXNativeTarget "Rowan2Tests" */ = {
			isa = XCConfigurationList;
			buildConfigurations = (
				8521D48B1457783300D35B51 /* Debug */,
				8521D48C1457783300D35B51 /* Release */,
			);
			defaultConfigurationIsVisible = 0;
			defaultConfigurationName = Release;
		};
/* End XCConfigurationList section */
	};
	rootObject = 8521D44C1457783300D35B51 /* Project object */;
}
